{
  "name": "placeOrder",
  "version": "1.0.0",
  "lockfileVersion": 1,
  "requires": true,
  "dependencies": {
    "nodemailer": {
      "version": "6.4.14",
      "resolved": "https://build-artifactory.eng.vmware.com/api/npm/npm/nodemailer/-/nodemailer-6.4.14.tgz",
      "integrity": "sha1-L/sWC2P/DBWpedp14fgq+FQz0qM="
    }
  }
}
